
Microsoft Visual Studio Solution File, Format Version 12.00
# Visual Studio Version 17
VisualStudioVersion = 17.5.33424.131
MinimumVisualStudioVersion = 10.0.40219.1
Project("{FAE04EC0-301F-11D3-BF4B-00C04F79EFBC}") = "WinFormsApp1", "WinFormsApp1\WinFormsApp1.csproj", "{611A9B21-DD91-4DF6-BB3B-D21A8914B784}"
EndProject
Global
	GlobalSection(SolutionConfigurationPlatforms) = preSolution
		Debug|Any CPU = Debug|Any CPU
		Release|Any CPU = Release|Any CPU
	EndGlobalSection
	GlobalSection(ProjectConfigurationPlatforms) = postSolution
		{611A9B21-DD91-4DF6-BB3B-D21A8914B784}.Debug|Any CPU.ActiveCfg = Debug|Any CPU
		{611A9B21-DD91-4DF6-BB3B-D21A8914B784}.Debug|Any CPU.Build.0 = Debug|Any CPU
		{611A9B21-DD91-4DF6-BB3B-D21A8914B784}.Release|Any CPU.ActiveCfg = Release|Any CPU
		{611A9B21-DD91-4DF6-BB3B-D21A8914B784}.Release|Any CPU.Build.0 = Release|Any CPU
	EndGlobalSection
	GlobalSection(SolutionProperties) = preSolution
		HideSolutionNode = FALSE
	EndGlobalSection
	GlobalSection(ExtensibilityGlobals) = postSolution
		SolutionGuid = {0D2BD6A4-2F59-48F2-8563-BD3187B18AC3}
	EndGlobalSection
EndGlobal
